
Microsoft Visual Studio Solution File, Format Version 12.00
# Visual Studio Version 16
VisualStudioVersion = 16.0.30709.132
MinimumVisualStudioVersion = 10.0.40219.1
Project("{2150E333-8FDC-42A3-9474-1A3956D46DE8}") = "Web", "Web", "{D51A18F4-6F47-4D13-9885-55EB03200353}"
EndProject
Project("{2150E333-8FDC-42A3-9474-1A3956D46DE8}") = "Api", "Api", "{5149A468-541D-4A5B-8C10-CFB5C6FA2C6C}"
EndProject
Project("{2150E333-8FDC-42A3-9474-1A3956D46DE8}") = "Data", "Data", "{84774A6F-0CAB-41CB-B16A-E68CA9788535}"
EndProject
Project("{9A19103F-16F7-4668-BE54-9A1E7A4F7556}") = "Xamply.Web", "Web\Xamply.Web\Xamply.Web.csproj", "{6BBD04BF-514A-4DFA-B8F8-E70E084BA5AE}"
EndProject
Project("{9A19103F-16F7-4668-BE54-9A1E7A4F7556}") = "Xamply.Data", "Data\Xamply.Data\Xamply.Data.csproj", "{F0902B10-8CB6-4101-8A16-DE1E4973D4DE}"
EndProject
Project("{9A19103F-16F7-4668-BE54-9A1E7A4F7556}") = "Xamply.Api", "Api\Xamply.Api\Xamply.Api.csproj", "{0E40ACDB-08B1-4C26-8A78-4240E4FC7890}"
EndProject
Project("{9A19103F-16F7-4668-BE54-9A1E7A4F7556}") = "Xamply.Data.Models", "Data\Xamply.Data.Models\Xamply.Data.Models.csproj", "{92DE8E15-8888-4AB3-AECD-C80D6F2D58CB}"
EndProject
Project("{9A19103F-16F7-4668-BE54-9A1E7A4F7556}") = "Xamply.Api.Services", "Api\Xamply.Api.Services\Xamply.Api.Services.csproj", "{9EF15F92-AE16-4181-8BE4-338F133CC875}"
EndProject
Project("{FAE04EC0-301F-11D3-BF4B-00C04F79EFBC}") = "Xamply.Api.Models", "Api\Xamply.Api.Models\Xamply.Api.Models.csproj", "{7E7A82C6-5FEA-4C47-8DCC-1CA96C22D7A0}"
EndProject
Global
	GlobalSection(SolutionConfigurationPlatforms) = preSolution
		Debug|Any CPU = Debug|Any CPU
		Release|Any CPU = Release|Any CPU
	EndGlobalSection
	GlobalSection(ProjectConfigurationPlatforms) = postSolution
		{6BBD04BF-514A-4DFA-B8F8-E70E084BA5AE}.Debug|Any CPU.ActiveCfg = Debug|Any CPU
		{6BBD04BF-514A-4DFA-B8F8-E70E084BA5AE}.Debug|Any CPU.Build.0 = Debug|Any CPU
		{6BBD04BF-514A-4DFA-B8F8-E70E084BA5AE}.Release|Any CPU.ActiveCfg = Release|Any CPU
		{6BBD04BF-514A-4DFA-B8F8-E70E084BA5AE}.Release|Any CPU.Build.0 = Release|Any CPU
		{F0902B10-8CB6-4101-8A16-DE1E4973D4DE}.Debug|Any CPU.ActiveCfg = Debug|Any CPU
		{F0902B10-8CB6-4101-8A16-DE1E4973D4DE}.Debug|Any CPU.Build.0 = Debug|Any CPU
		{F0902B10-8CB6-4101-8A16-DE1E4973D4DE}.Release|Any CPU.ActiveCfg = Release|Any CPU
		{F0902B10-8CB6-4101-8A16-DE1E4973D4DE}.Release|Any CPU.Build.0 = Release|Any CPU
		{0E40ACDB-08B1-4C26-8A78-4240E4FC7890}.Debug|Any CPU.ActiveCfg = Debug|Any CPU
		{0E40ACDB-08B1-4C26-8A78-4240E4FC7890}.Debug|Any CPU.Build.0 = Debug|Any CPU
		{0E40ACDB-08B1-4C26-8A78-4240E4FC7890}.Release|Any CPU.ActiveCfg = Release|Any CPU
		{0E40ACDB-08B1-4C26-8A78-4240E4FC7890}.Release|Any CPU.Build.0 = Release|Any CPU
		{92DE8E15-8888-4AB3-AECD-C80D6F2D58CB}.Debug|Any CPU.ActiveCfg = Debug|Any CPU
		{92DE8E15-8888-4AB3-AECD-C80D6F2D58CB}.Debug|Any CPU.Build.0 = Debug|Any CPU
		{92DE8E15-8888-4AB3-AECD-C80D6F2D58CB}.Release|Any CPU.ActiveCfg = Release|Any CPU
		{92DE8E15-8888-4AB3-AECD-C80D6F2D58CB}.Release|Any CPU.Build.0 = Release|Any CPU
		{9EF15F92-AE16-4181-8BE4-338F133CC875}.Debug|Any CPU.ActiveCfg = Debug|Any CPU
		{9EF15F92-AE16-4181-8BE4-338F133CC875}.Debug|Any CPU.Build.0 = Debug|Any CPU
		{9EF15F92-AE16-4181-8BE4-338F133CC875}.Release|Any CPU.ActiveCfg = Release|Any CPU
		{9EF15F92-AE16-4181-8BE4-338F133CC875}.Release|Any CPU.Build.0 = Release|Any CPU
		{7E7A82C6-5FEA-4C47-8DCC-1CA96C22D7A0}.Debug|Any CPU.ActiveCfg = Debug|Any CPU
		{7E7A82C6-5FEA-4C47-8DCC-1CA96C22D7A0}.Debug|Any CPU.Build.0 = Debug|Any CPU
		{7E7A82C6-5FEA-4C47-8DCC-1CA96C22D7A0}.Release|Any CPU.ActiveCfg = Release|Any CPU
		{7E7A82C6-5FEA-4C47-8DCC-1CA96C22D7A0}.Release|Any CPU.Build.0 = Release|Any CPU
	EndGlobalSection
	GlobalSection(SolutionProperties) = preSolution
		HideSolutionNode = FALSE
	EndGlobalSection
	GlobalSection(NestedProjects) = preSolution
		{6BBD04BF-514A-4DFA-B8F8-E70E084BA5AE} = {D51A18F4-6F47-4D13-9885-55EB03200353}
		{F0902B10-8CB6-4101-8A16-DE1E4973D4DE} = {84774A6F-0CAB-41CB-B16A-E68CA9788535}
		{0E40ACDB-08B1-4C26-8A78-4240E4FC7890} = {5149A468-541D-4A5B-8C10-CFB5C6FA2C6C}
		{92DE8E15-8888-4AB3-AECD-C80D6F2D58CB} = {84774A6F-0CAB-41CB-B16A-E68CA9788535}
		{9EF15F92-AE16-4181-8BE4-338F133CC875} = {5149A468-541D-4A5B-8C10-CFB5C6FA2C6C}
		{7E7A82C6-5FEA-4C47-8DCC-1CA96C22D7A0} = {5149A468-541D-4A5B-8C10-CFB5C6FA2C6C}
	EndGlobalSection
	GlobalSection(ExtensibilityGlobals) = postSolution
		SolutionGuid = {8A305A42-1976-4834-91AF-1C9C83AA3B5A}
	EndGlobalSection
EndGlobal
